// !$*UTF8*$!
{
	archiveVersion = 1;
	classes = {
	};
	objectVersion = 55;
	objects = {

/* Begin PBXBuildFile section */
		0824100528CC969A003A3D92 /* Genre.swift in Sources */ = {isa = PBXBuildFile; fileRef = 0824100428CC969A003A3D92 /* Genre.swift */; };
		082EC07B28C872040023F99A /* ConstantsInset.swift in Sources */ = {isa = PBXBuildFile; fileRef = 082EC07A28C872040023F99A /* ConstantsInset.swift */; };
		082EC07E28C896D10023F99A /* PopularMovieTableViewCell.swift in Sources */ = {isa = PBXBuildFile; fileRef = 082EC07C28C896D10023F99A /* PopularMovieTableViewCell.swift */; };
		082EC07F28C896D10023F99A /* PopularMovieTableViewCell.xib in Resources */ = {isa = PBXBuildFile; fileRef = 082EC07D28C896D10023F99A /* PopularMovieTableViewCell.xib */; };
		082EC08128C89C4B0023F99A /* MainTableViewModel.swift in Sources */ = {isa = PBXBuildFile; fileRef = 082EC08028C89C4B0023F99A /* MainTableViewModel.swift */; };
		082EC08328C8B2890023F99A /* TableViewModelType.swift in Sources */ = {isa = PBXBuildFile; fileRef = 082EC08228C8B2890023F99A /* TableViewModelType.swift */; };
		082EC08828C8B6240023F99A /* NowPlayingMovieCellViewModel.swift in Sources */ = {isa = PBXBuildFile; fileRef = 082EC08728C8B6240023F99A /* NowPlayingMovieCellViewModel.swift */; };
		082EC08A28C8B7ED0023F99A /* Observer.swift in Sources */ = {isa = PBXBuildFile; fileRef = 082EC08928C8B7ED0023F99A /* Observer.swift */; };
		082EC08C28C8B9F80023F99A /* PopularMovieCellViewModel.swift in Sources */ = {isa = PBXBuildFile; fileRef = 082EC08B28C8B9F80023F99A /* PopularMovieCellViewModel.swift */; };
		08323B7E28C9B28600984508 /* CellViewModelType.swift in Sources */ = {isa = PBXBuildFile; fileRef = 08323B7D28C9B28600984508 /* CellViewModelType.swift */; };
		08323B8528CB4B0600984508 /* DetailViewController.swift in Sources */ = {isa = PBXBuildFile; fileRef = 08323B8328CB4B0600984508 /* DetailViewController.swift */; };
		08323B8628CB4B0600984508 /* DetailViewController.xib in Resources */ = {isa = PBXBuildFile; fileRef = 08323B8428CB4B0600984508 /* DetailViewController.xib */; };
		08323B8A28CB4C1300984508 /* ImageTableViewCell.swift in Sources */ = {isa = PBXBuildFile; fileRef = 08323B8828CB4C1300984508 /* ImageTableViewCell.swift */; };
		08323B8B28CB4C1300984508 /* ImageTableViewCell.xib in Resources */ = {isa = PBXBuildFile; fileRef = 08323B8928CB4C1300984508 /* ImageTableViewCell.xib */; };
		08323B8F28CB55B200984508 /* DetailTableCellViewModel.swift in Sources */ = {isa = PBXBuildFile; fileRef = 08323B8E28CB55B200984508 /* DetailTableCellViewModel.swift */; };
		0848CEB828D97CB7009A1018 /* SearchViewModel.swift in Sources */ = {isa = PBXBuildFile; fileRef = 0848CEB728D97CB7009A1018 /* SearchViewModel.swift */; };
		0848CEBB28D99CD8009A1018 /* SDWebImage in Frameworks */ = {isa = PBXBuildFile; productRef = 0848CEBA28D99CD8009A1018 /* SDWebImage */; };
		085A6DE928CF3F1A00C97196 /* OverviewTableViewCell.swift in Sources */ = {isa = PBXBuildFile; fileRef = 085A6DE728CF3F1A00C97196 /* OverviewTableViewCell.swift */; };
		085A6DEA28CF3F1A00C97196 /* OverviewTableViewCell.xib in Resources */ = {isa = PBXBuildFile; fileRef = 085A6DE828CF3F1A00C97196 /* OverviewTableViewCell.xib */; };
		085A6DEC28CF429A00C97196 /* Cast.swift in Sources */ = {isa = PBXBuildFile; fileRef = 085A6DEB28CF429A00C97196 /* Cast.swift */; };
		088CD00628D0473F000DDABA /* ParametersTableViewCell.swift in Sources */ = {isa = PBXBuildFile; fileRef = 088CD00428D0473F000DDABA /* ParametersTableViewCell.swift */; };
		088CD00728D0473F000DDABA /* ParametersTableViewCell.xib in Resources */ = {isa = PBXBuildFile; fileRef = 088CD00528D0473F000DDABA /* ParametersTableViewCell.xib */; };
		088CD00A28D05272000DDABA /* CastTableViewCell.swift in Sources */ = {isa = PBXBuildFile; fileRef = 088CD00828D05272000DDABA /* CastTableViewCell.swift */; };
		088CD00B28D05272000DDABA /* CastTableViewCell.xib in Resources */ = {isa = PBXBuildFile; fileRef = 088CD00928D05272000DDABA /* CastTableViewCell.xib */; };
		088CD00F28D0528F000DDABA /* CastCollectionViewCell.swift in Sources */ = {isa = PBXBuildFile; fileRef = 088CD00D28D0528F000DDABA /* CastCollectionViewCell.swift */; };
		088CD01028D0528F000DDABA /* CastCollectionViewCell.xib in Resources */ = {isa = PBXBuildFile; fileRef = 088CD00E28D0528F000DDABA /* CastCollectionViewCell.xib */; };
		088CD01228D06799000DDABA /* CastCollectionViewModel.swift in Sources */ = {isa = PBXBuildFile; fileRef = 088CD01128D06799000DDABA /* CastCollectionViewModel.swift */; };
		08977A2B28CC70B600C93A48 /* TitleTableViewCell.swift in Sources */ = {isa = PBXBuildFile; fileRef = 08977A2928CC70B600C93A48 /* TitleTableViewCell.swift */; };
		08977A2C28CC70B600C93A48 /* TitleTableViewCell.xib in Resources */ = {isa = PBXBuildFile; fileRef = 08977A2A28CC70B600C93A48 /* TitleTableViewCell.xib */; };
		08BA236328D1CBAA0039E214 /* CastImage.swift in Sources */ = {isa = PBXBuildFile; fileRef = 08BA236228D1CBAA0039E214 /* CastImage.swift */; };
		08CC5FD828C863C80053F69C /* MovieCollectionViewCell.swift in Sources */ = {isa = PBXBuildFile; fileRef = 08CC5FD628C863C80053F69C /* MovieCollectionViewCell.swift */; };
		08CC5FD928C863C80053F69C /* MovieCollectionViewCell.xib in Resources */ = {isa = PBXBuildFile; fileRef = 08CC5FD728C863C80053F69C /* MovieCollectionViewCell.xib */; };
		08CC5FDE28C866770053F69C /* MainViewController.swift in Sources */ = {isa = PBXBuildFile; fileRef = 08CC5FDC28C866770053F69C /* MainViewController.swift */; };
		08CC5FDF28C866770053F69C /* MainViewController.xib in Resources */ = {isa = PBXBuildFile; fileRef = 08CC5FDD28C866770053F69C /* MainViewController.xib */; };
		08CC6D6328C75C8300D05968 /* AppDelegate.swift in Sources */ = {isa = PBXBuildFile; fileRef = 08CC6D6228C75C8300D05968 /* AppDelegate.swift */; };
		08CC6D6528C75C8300D05968 /* SceneDelegate.swift in Sources */ = {isa = PBXBuildFile; fileRef = 08CC6D6428C75C8300D05968 /* SceneDelegate.swift */; };
		08CC6D6C28C75C8500D05968 /* Assets.xcassets in Resources */ = {isa = PBXBuildFile; fileRef = 08CC6D6B28C75C8500D05968 /* Assets.xcassets */; };
		08CC6D6F28C75C8500D05968 /* LaunchScreen.storyboard in Resources */ = {isa = PBXBuildFile; fileRef = 08CC6D6D28C75C8500D05968 /* LaunchScreen.storyboard */; };
		08CC6D7928C7677700D05968 /* NetworkService.swift in Sources */ = {isa = PBXBuildFile; fileRef = 08CC6D7828C7677700D05968 /* NetworkService.swift */; };
		08CC6D7B28C7678200D05968 /* NetworkDataFetcher.swift in Sources */ = {isa = PBXBuildFile; fileRef = 08CC6D7A28C7678200D05968 /* NetworkDataFetcher.swift */; };
		08CC6D7D28C7679000D05968 /* DataFetcherService.swift in Sources */ = {isa = PBXBuildFile; fileRef = 08CC6D7C28C7679000D05968 /* DataFetcherService.swift */; };
		08CC6D8128C767E000D05968 /* Movie.swift in Sources */ = {isa = PBXBuildFile; fileRef = 08CC6D8028C767E000D05968 /* Movie.swift */; };
		08D95DF728D5B63A006A7280 /* PlayingTableViewCell.swift in Sources */ = {isa = PBXBuildFile; fileRef = 08D95DF528D5B63A006A7280 /* PlayingTableViewCell.swift */; };
		08D95DF828D5B63A006A7280 /* PlayingTableViewCell.xib in Resources */ = {isa = PBXBuildFile; fileRef = 08D95DF628D5B63A006A7280 /* PlayingTableViewCell.xib */; };
		08E1643728D835560034818C /* Coordinator.swift in Sources */ = {isa = PBXBuildFile; fileRef = 08E1643628D835560034818C /* Coordinator.swift */; };
		08E1643C28D83D0C0034818C /* SearchViewController.swift in Sources */ = {isa = PBXBuildFile; fileRef = 08E1643A28D83D0C0034818C /* SearchViewController.swift */; };
		08E1643D28D83D0C0034818C /* SearchViewController.xib in Resources */ = {isa = PBXBuildFile; fileRef = 08E1643B28D83D0C0034818C /* SearchViewController.xib */; };
		08E9835128DC1FE9001C1E2C /* DetailTableViewModel.swift in Sources */ = {isa = PBXBuildFile; fileRef = 08E9835028DC1FE9001C1E2C /* DetailTableViewModel.swift */; };
		736FB3EDAD64E5B5DFF30C3A /* Pods_MovieCollection.framework in Frameworks */ = {isa = PBXBuildFile; fileRef = CCCEF7C1277327DE6E0FCC84 /* Pods_MovieCollection.framework */; };
/* End PBXBuildFile section */

/* Begin PBXFileReference section */
		031AFCCD6BBD709D661752CF /* Pods-MovieCollection.debug.xcconfig */ = {isa = PBXFileReference; includeInIndex = 1; lastKnownFileType = text.xcconfig; name = "Pods-MovieCollection.debug.xcconfig"; path = "Target Support Files/Pods-MovieCollection/Pods-MovieCollection.debug.xcconfig"; sourceTree = "<group>"; };
		0824100428CC969A003A3D92 /* Genre.swift */ = {isa = PBXFileReference; lastKnownFileType = sourcecode.swift; path = Genre.swift; sourceTree = "<group>"; };
		082EC07A28C872040023F99A /* ConstantsInset.swift */ = {isa = PBXFileReference; lastKnownFileType = sourcecode.swift; path = ConstantsInset.swift; sourceTree = "<group>"; };
		082EC07C28C896D10023F99A /* PopularMovieTableViewCell.swift */ = {isa = PBXFileReference; lastKnownFileType = sourcecode.swift; path = PopularMovieTableViewCell.swift; sourceTree = "<group>"; };
		082EC07D28C896D10023F99A /* PopularMovieTableViewCell.xib */ = {isa = PBXFileReference; lastKnownFileType = file.xib; path = PopularMovieTableViewCell.xib; sourceTree = "<group>"; };
		082EC08028C89C4B0023F99A /* MainTableViewModel.swift */ = {isa = PBXFileReference; lastKnownFileType = sourcecode.swift; path = MainTableViewModel.swift; sourceTree = "<group>"; };
		082EC08228C8B2890023F99A /* TableViewModelType.swift */ = {isa = PBXFileReference; lastKnownFileType = sourcecode.swift; path = TableViewModelType.swift; sourceTree = "<group>"; };
		082EC08728C8B6240023F99A /* NowPlayingMovieCellViewModel.swift */ = {isa = PBXFileReference; lastKnownFileType = sourcecode.swift; path = NowPlayingMovieCellViewModel.swift; sourceTree = "<group>"; };
		082EC08928C8B7ED0023F99A /* Observer.swift */ = {isa = PBXFileReference; lastKnownFileType = sourcecode.swift; path = Observer.swift; sourceTree = "<group>"; };
		082EC08B28C8B9F80023F99A /* PopularMovieCellViewModel.swift */ = {isa = PBXFileReference; lastKnownFileType = sourcecode.swift; path = PopularMovieCellViewModel.swift; sourceTree = "<group>"; };
		08323B7D28C9B28600984508 /* CellViewModelType.swift */ = {isa = PBXFileReference; lastKnownFileType = sourcecode.swift; path = CellViewModelType.swift; sourceTree = "<group>"; };
		08323B8328CB4B0600984508 /* DetailViewController.swift */ = {isa = PBXFileReference; lastKnownFileType = sourcecode.swift; path = DetailViewController.swift; sourceTree = "<group>"; };
		08323B8428CB4B0600984508 /* DetailViewController.xib */ = {isa = PBXFileReference; lastKnownFileType = file.xib; path = DetailViewController.xib; sourceTree = "<group>"; };
		08323B8828CB4C1300984508 /* ImageTableViewCell.swift */ = {isa = PBXFileReference; lastKnownFileType = sourcecode.swift; path = ImageTableViewCell.swift; sourceTree = "<group>"; };
		08323B8928CB4C1300984508 /* ImageTableViewCell.xib */ = {isa = PBXFileReference; lastKnownFileType = file.xib; path = ImageTableViewCell.xib; sourceTree = "<group>"; };
		08323B8E28CB55B200984508 /* DetailTableCellViewModel.swift */ = {isa = PBXFileReference; lastKnownFileType = sourcecode.swift; path = DetailTableCellViewModel.swift; sourceTree = "<group>"; };
		0848CEB728D97CB7009A1018 /* SearchViewModel.swift */ = {isa = PBXFileReference; lastKnownFileType = sourcecode.swift; path = SearchViewModel.swift; sourceTree = "<group>"; };
		085A6DE728CF3F1A00C97196 /* OverviewTableViewCell.swift */ = {isa = PBXFileReference; lastKnownFileType = sourcecode.swift; path = OverviewTableViewCell.swift; sourceTree = "<group>"; };
		085A6DE828CF3F1A00C97196 /* OverviewTableViewCell.xib */ = {isa = PBXFileReference; lastKnownFileType = file.xib; path = OverviewTableViewCell.xib; sourceTree = "<group>"; };
		085A6DEB28CF429A00C97196 /* Cast.swift */ = {isa = PBXFileReference; lastKnownFileType = sourcecode.swift; path = Cast.swift; sourceTree = "<group>"; };
		088CD00428D0473F000DDABA /* ParametersTableViewCell.swift */ = {isa = PBXFileReference; lastKnownFileType = sourcecode.swift; path = ParametersTableViewCell.swift; sourceTree = "<group>"; };
		088CD00528D0473F000DDABA /* ParametersTableViewCell.xib */ = {isa = PBXFileReference; lastKnownFileType = file.xib; path = ParametersTableViewCell.xib; sourceTree = "<group>"; };
		088CD00828D05272000DDABA /* CastTableViewCell.swift */ = {isa = PBXFileReference; lastKnownFileType = sourcecode.swift; path = CastTableViewCell.swift; sourceTree = "<group>"; };
		088CD00928D05272000DDABA /* CastTableViewCell.xib */ = {isa = PBXFileReference; lastKnownFileType = file.xib; path = CastTableViewCell.xib; sourceTree = "<group>"; };
		088CD00D28D0528F000DDABA /* CastCollectionViewCell.swift */ = {isa = PBXFileReference; lastKnownFileType = sourcecode.swift; path = CastCollectionViewCell.swift; sourceTree = "<group>"; };
		088CD00E28D0528F000DDABA /* CastCollectionViewCell.xib */ = {isa = PBXFileReference; lastKnownFileType = file.xib; path = CastCollectionViewCell.xib; sourceTree = "<group>"; };
		088CD01128D06799000DDABA /* CastCollectionViewModel.swift */ = {isa = PBXFileReference; lastKnownFileType = sourcecode.swift; path = CastCollectionViewModel.swift; sourceTree = "<group>"; };
		08977A2928CC70B600C93A48 /* TitleTableViewCell.swift */ = {isa = PBXFileReference; lastKnownFileType = sourcecode.swift; path = TitleTableViewCell.swift; sourceTree = "<group>"; };
		08977A2A28CC70B600C93A48 /* TitleTableViewCell.xib */ = {isa = PBXFileReference; lastKnownFileType = file.xib; path = TitleTableViewCell.xib; sourceTree = "<group>"; };
		08BA236228D1CBAA0039E214 /* CastImage.swift */ = {isa = PBXFileReference; lastKnownFileType = sourcecode.swift; path = CastImage.swift; sourceTree = "<group>"; };
		08CC5FD628C863C80053F69C /* MovieCollectionViewCell.swift */ = {isa = PBXFileReference; lastKnownFileType = sourcecode.swift; path = MovieCollectionViewCell.swift; sourceTree = "<group>"; };
		08CC5FD728C863C80053F69C /* MovieCollectionViewCell.xib */ = {isa = PBXFileReference; lastKnownFileType = file.xib; path = MovieCollectionViewCell.xib; sourceTree = "<group>"; };
		08CC5FDC28C866770053F69C /* MainViewController.swift */ = {isa = PBXFileReference; lastKnownFileType = sourcecode.swift; path = MainViewController.swift; sourceTree = "<group>"; };
		08CC5FDD28C866770053F69C /* MainViewController.xib */ = {isa = PBXFileReference; lastKnownFileType = file.xib; path = MainViewController.xib; sourceTree = "<group>"; };
		08CC6D5F28C75C8300D05968 /* MovieCollection.app */ = {isa = PBXFileReference; explicitFileType = wrapper.application; includeInIndex = 0; path = MovieCollection.app; sourceTree = BUILT_PRODUCTS_DIR; };
		08CC6D6228C75C8300D05968 /* AppDelegate.swift */ = {isa = PBXFileReference; lastKnownFileType = sourcecode.swift; path = AppDelegate.swift; sourceTree = "<group>"; };
		08CC6D6428C75C8300D05968 /* SceneDelegate.swift */ = {isa = PBXFileReference; lastKnownFileType = sourcecode.swift; path = SceneDelegate.swift; sourceTree = "<group>"; };
		08CC6D6B28C75C8500D05968 /* Assets.xcassets */ = {isa = PBXFileReference; lastKnownFileType = folder.assetcatalog; path = Assets.xcassets; sourceTree = "<group>"; };
		08CC6D6E28C75C8500D05968 /* Base */ = {isa = PBXFileReference; lastKnownFileType = file.storyboard; name = Base; path = Base.lproj/LaunchScreen.storyboard; sourceTree = "<group>"; };
		08CC6D7028C75C8500D05968 /* Info.plist */ = {isa = PBXFileReference; lastKnownFileType = text.plist.xml; path = Info.plist; sourceTree = "<group>"; };
		08CC6D7828C7677700D05968 /* NetworkService.swift */ = {isa = PBXFileReference; lastKnownFileType = sourcecode.swift; path = NetworkService.swift; sourceTree = "<group>"; };
		08CC6D7A28C7678200D05968 /* NetworkDataFetcher.swift */ = {isa = PBXFileReference; lastKnownFileType = sourcecode.swift; path = NetworkDataFetcher.swift; sourceTree = "<group>"; };
		08CC6D7C28C7679000D05968 /* DataFetcherService.swift */ = {isa = PBXFileReference; lastKnownFileType = sourcecode.swift; path = DataFetcherService.swift; sourceTree = "<group>"; };
		08CC6D8028C767E000D05968 /* Movie.swift */ = {isa = PBXFileReference; lastKnownFileType = sourcecode.swift; path = Movie.swift; sourceTree = "<group>"; };
		08D95DF528D5B63A006A7280 /* PlayingTableViewCell.swift */ = {isa = PBXFileReference; lastKnownFileType = sourcecode.swift; path = PlayingTableViewCell.swift; sourceTree = "<group>"; };
		08D95DF628D5B63A006A7280 /* PlayingTableViewCell.xib */ = {isa = PBXFileReference; lastKnownFileType = file.xib; path = PlayingTableViewCell.xib; sourceTree = "<group>"; };
		08E1643628D835560034818C /* Coordinator.swift */ = {isa = PBXFileReference; lastKnownFileType = sourcecode.swift; path = Coordinator.swift; sourceTree = "<group>"; };
		08E1643A28D83D0C0034818C /* SearchViewController.swift */ = {isa = PBXFileReference; lastKnownFileType = sourcecode.swift; path = SearchViewController.swift; sourceTree = "<group>"; };
		08E1643B28D83D0C0034818C /* SearchViewController.xib */ = {isa = PBXFileReference; lastKnownFileType = file.xib; path = SearchViewController.xib; sourceTree = "<group>"; };
		08E9835028DC1FE9001C1E2C /* DetailTableViewModel.swift */ = {isa = PBXFileReference; lastKnownFileType = sourcecode.swift; path = DetailTableViewModel.swift; sourceTree = "<group>"; };
		10E39DC44FE3E0112DDCAFFE /* Pods-MovieCollection.release.xcconfig */ = {isa = PBXFileReference; includeInIndex = 1; lastKnownFileType = text.xcconfig; name = "Pods-MovieCollection.release.xcconfig"; path = "Target Support Files/Pods-MovieCollection/Pods-MovieCollection.release.xcconfig"; sourceTree = "<group>"; };
		CCCEF7C1277327DE6E0FCC84 /* Pods_MovieCollection.framework */ = {isa = PBXFileReference; explicitFileType = wrapper.framework; includeInIndex = 0; path = Pods_MovieCollection.framework; sourceTree = BUILT_PRODUCTS_DIR; };
/* End PBXFileReference section */

/* Begin PBXFrameworksBuildPhase section */
		08CC6D5C28C75C8300D05968 /* Frameworks */ = {
			isa = PBXFrameworksBuildPhase;
			buildActionMask = 2147483647;
			files = (
				0848CEBB28D99CD8009A1018 /* SDWebImage in Frameworks */,
				736FB3EDAD64E5B5DFF30C3A /* Pods_MovieCollection.framework in Frameworks */,
			);
			runOnlyForDeploymentPostprocessing = 0;
		};
/* End PBXFrameworksBuildPhase section */

/* Begin PBXGroup section */
		082EC07928C871F00023F99A /* Helpers */ = {
			isa = PBXGroup;
			children = (
				082EC07A28C872040023F99A /* ConstantsInset.swift */,
				082EC08928C8B7ED0023F99A /* Observer.swift */,
			);
			path = Helpers;
			sourceTree = "<group>";
		};
		082EC08428C8B2ED0023F99A /* Protocols */ = {
			isa = PBXGroup;
			children = (
				082EC08228C8B2890023F99A /* TableViewModelType.swift */,
				08323B7D28C9B28600984508 /* CellViewModelType.swift */,
			);
			path = Protocols;
			sourceTree = "<group>";
		};
		082EC08D28C8D83B0023F99A /* Extensions */ = {
			isa = PBXGroup;
			children = (
			);
			path = Extensions;
			sourceTree = "<group>";
		};
		08323B7F28CB4A6800984508 /* DetailModule */ = {
			isa = PBXGroup;
			children = (
				08323B8228CB4A8C00984508 /* ViewModule */,
				08323B8128CB4A8500984508 /* View */,
				08323B8028CB4A7D00984508 /* Controller */,
			);
			path = DetailModule;
			sourceTree = "<group>";
		};
		08323B8028CB4A7D00984508 /* Controller */ = {
			isa = PBXGroup;
			children = (
				08323B8328CB4B0600984508 /* DetailViewController.swift */,
				08323B8428CB4B0600984508 /* DetailViewController.xib */,
			);
			path = Controller;
			sourceTree = "<group>";
		};
		08323B8128CB4A8500984508 /* View */ = {
			isa = PBXGroup;
			children = (
				08323B8728CB4BBE00984508 /* Cells */,
			);
			path = View;
			sourceTree = "<group>";
		};
		08323B8228CB4A8C00984508 /* ViewModule */ = {
			isa = PBXGroup;
			children = (
				08323B8E28CB55B200984508 /* DetailTableCellViewModel.swift */,
				088CD01128D06799000DDABA /* CastCollectionViewModel.swift */,
				08E9835028DC1FE9001C1E2C /* DetailTableViewModel.swift */,
			);
			path = ViewModule;
			sourceTree = "<group>";
		};
		08323B8728CB4BBE00984508 /* Cells */ = {
			isa = PBXGroup;
			children = (
				08323B8828CB4C1300984508 /* ImageTableViewCell.swift */,
				08323B8928CB4C1300984508 /* ImageTableViewCell.xib */,
				08977A2928CC70B600C93A48 /* TitleTableViewCell.swift */,
				08977A2A28CC70B600C93A48 /* TitleTableViewCell.xib */,
				085A6DE728CF3F1A00C97196 /* OverviewTableViewCell.swift */,
				085A6DE828CF3F1A00C97196 /* OverviewTableViewCell.xib */,
				088CD00428D0473F000DDABA /* ParametersTableViewCell.swift */,
				088CD00528D0473F000DDABA /* ParametersTableViewCell.xib */,
				088CD00828D05272000DDABA /* CastTableViewCell.swift */,
				088CD00928D05272000DDABA /* CastTableViewCell.xib */,
				088CD00C28D05276000DDABA /* CollectionCell */,
			);
			path = Cells;
			sourceTree = "<group>";
		};
		0848CEB628D97CA0009A1018 /* SearchViewModule */ = {
			isa = PBXGroup;
			children = (
				0848CEB728D97CB7009A1018 /* SearchViewModel.swift */,
			);
			path = SearchViewModule;
			sourceTree = "<group>";
		};
		088CD00C28D05276000DDABA /* CollectionCell */ = {
			isa = PBXGroup;
			children = (
				088CD00D28D0528F000DDABA /* CastCollectionViewCell.swift */,
				088CD00E28D0528F000DDABA /* CastCollectionViewCell.xib */,
			);
			path = CollectionCell;
			sourceTree = "<group>";
		};
		08CC5FCA28C8632E0053F69C /* ViewModel */ = {
			isa = PBXGroup;
			children = (
				082EC08028C89C4B0023F99A /* MainTableViewModel.swift */,
				082EC08728C8B6240023F99A /* NowPlayingMovieCellViewModel.swift */,
				082EC08B28C8B9F80023F99A /* PopularMovieCellViewModel.swift */,
			);
			path = ViewModel;
			sourceTree = "<group>";
		};
		08CC5FCB28C863340053F69C /* View */ = {
			isa = PBXGroup;
			children = (
				08CC5FD128C8639A0053F69C /* Cell */,
			);
			path = View;
			sourceTree = "<group>";
		};
		08CC5FCC28C8633B0053F69C /* Controller */ = {
			isa = PBXGroup;
			children = (
				08CC5FDC28C866770053F69C /* MainViewController.swift */,
				08CC5FDD28C866770053F69C /* MainViewController.xib */,
			);
			path = Controller;
			sourceTree = "<group>";
		};
		08CC5FD128C8639A0053F69C /* Cell */ = {
			isa = PBXGroup;
			children = (
				082EC07C28C896D10023F99A /* PopularMovieTableViewCell.swift */,
				082EC07D28C896D10023F99A /* PopularMovieTableViewCell.xib */,
				08CC5FD628C863C80053F69C /* MovieCollectionViewCell.swift */,
				08CC5FD728C863C80053F69C /* MovieCollectionViewCell.xib */,
				08D95DF528D5B63A006A7280 /* PlayingTableViewCell.swift */,
				08D95DF628D5B63A006A7280 /* PlayingTableViewCell.xib */,
			);
			path = Cell;
			sourceTree = "<group>";
		};
		08CC6D5628C75C8300D05968 = {
			isa = PBXGroup;
			children = (
				08CC6D6128C75C8300D05968 /* MovieCollection */,
				08CC6D6028C75C8300D05968 /* Products */,
				0CEF4D92FC7D85C3256CE7B6 /* Pods */,
				1E32DDA5A8B75E4E7CF0E2F5 /* Frameworks */,
			);
			sourceTree = "<group>";
		};
		08CC6D6028C75C8300D05968 /* Products */ = {
			isa = PBXGroup;
			children = (
				08CC6D5F28C75C8300D05968 /* MovieCollection.app */,
			);
			name = Products;
			sourceTree = "<group>";
		};
		08CC6D6128C75C8300D05968 /* MovieCollection */ = {
			isa = PBXGroup;
			children = (
				08CC6D6428C75C8300D05968 /* SceneDelegate.swift */,
				08CC6D6228C75C8300D05968 /* AppDelegate.swift */,
				08E1643628D835560034818C /* Coordinator.swift */,
				08CC6D7628C7675B00D05968 /* Services */,
				08E1643928D83CD00034818C /* SearchModule */,
				08CC6D7E28C767C500D05968 /* MainModule */,
				08323B7F28CB4A6800984508 /* DetailModule */,
				082EC08D28C8D83B0023F99A /* Extensions */,
				082EC07928C871F00023F99A /* Helpers */,
				08E1643828D83C870034818C /* Application */,
			);
			path = MovieCollection;
			sourceTree = "<group>";
		};
		08CC6D7628C7675B00D05968 /* Services */ = {
			isa = PBXGroup;
			children = (
				08CC6D7728C7676200D05968 /* Network */,
			);
			path = Services;
			sourceTree = "<group>";
		};
		08CC6D7728C7676200D05968 /* Network */ = {
			isa = PBXGroup;
			children = (
				08CC6D7828C7677700D05968 /* NetworkService.swift */,
				08CC6D7A28C7678200D05968 /* NetworkDataFetcher.swift */,
				08CC6D7C28C7679000D05968 /* DataFetcherService.swift */,
			);
			path = Network;
			sourceTree = "<group>";
		};
		08CC6D7E28C767C500D05968 /* MainModule */ = {
			isa = PBXGroup;
			children = (
				082EC08428C8B2ED0023F99A /* Protocols */,
				08CC5FCC28C8633B0053F69C /* Controller */,
				08CC5FCB28C863340053F69C /* View */,
				08CC5FCA28C8632E0053F69C /* ViewModel */,
				08CC6D7F28C767D700D05968 /* Model */,
			);
			path = MainModule;
			sourceTree = "<group>";
		};
		08CC6D7F28C767D700D05968 /* Model */ = {
			isa = PBXGroup;
			children = (
				08CC6D8028C767E000D05968 /* Movie.swift */,
				0824100428CC969A003A3D92 /* Genre.swift */,
				085A6DEB28CF429A00C97196 /* Cast.swift */,
				08BA236228D1CBAA0039E214 /* CastImage.swift */,
			);
			path = Model;
			sourceTree = "<group>";
		};
		08E1643828D83C870034818C /* Application */ = {
			isa = PBXGroup;
			children = (
				08CC6D6B28C75C8500D05968 /* Assets.xcassets */,
				08CC6D7028C75C8500D05968 /* Info.plist */,
				08CC6D6D28C75C8500D05968 /* LaunchScreen.storyboard */,
			);
			path = Application;
			sourceTree = "<group>";
		};
		08E1643928D83CD00034818C /* SearchModule */ = {
			isa = PBXGroup;
			children = (
				0848CEB628D97CA0009A1018 /* SearchViewModule */,
				08E1643A28D83D0C0034818C /* SearchViewController.swift */,
				08E1643B28D83D0C0034818C /* SearchViewController.xib */,
			);
			path = SearchModule;
			sourceTree = "<group>";
		};
		0CEF4D92FC7D85C3256CE7B6 /* Pods */ = {
			isa = PBXGroup;
			children = (
				031AFCCD6BBD709D661752CF /* Pods-MovieCollection.debug.xcconfig */,
				10E39DC44FE3E0112DDCAFFE /* Pods-MovieCollection.release.xcconfig */,
			);
			path = Pods;
			sourceTree = "<group>";
		};
		1E32DDA5A8B75E4E7CF0E2F5 /* Frameworks */ = {
			isa = PBXGroup;
			children = (
				CCCEF7C1277327DE6E0FCC84 /* Pods_MovieCollection.framework */,
			);
			name = Frameworks;
			sourceTree = "<group>";
		};
/* End PBXGroup section */

/* Begin PBXNativeTarget section */
		08CC6D5E28C75C8300D05968 /* MovieCollection */ = {
			isa = PBXNativeTarget;
			buildConfigurationList = 08CC6D7328C75C8500D05968 /* Build configuration list for PBXNativeTarget "MovieCollection" */;
			buildPhases = (
				0848CEBC28D9CCDF009A1018 /* ShellScript */,
				E1CFB6F4FFE24A2399088063 /* [CP] Check Pods Manifest.lock */,
				08CC6D5B28C75C8300D05968 /* Sources */,
				08CC6D5C28C75C8300D05968 /* Frameworks */,
				08CC6D5D28C75C8300D05968 /* Resources */,
			);
			buildRules = (
			);
			dependencies = (
			);
			name = MovieCollection;
			packageProductDependencies = (
				0848CEBA28D99CD8009A1018 /* SDWebImage */,
			);
			productName = MovieCollection;
			productReference = 08CC6D5F28C75C8300D05968 /* MovieCollection.app */;
			productType = "com.apple.product-type.application";
		};
/* End PBXNativeTarget section */

/* Begin PBXProject section */
		08CC6D5728C75C8300D05968 /* Project object */ = {
			isa = PBXProject;
			attributes = {
				BuildIndependentTargetsInParallel = 1;
				LastSwiftUpdateCheck = 1340;
				LastUpgradeCheck = 1340;
				TargetAttributes = {
					08CC6D5E28C75C8300D05968 = {
						CreatedOnToolsVersion = 13.4.1;
					};
				};
			};
			buildConfigurationList = 08CC6D5A28C75C8300D05968 /* Build configuration list for PBXProject "MovieCollection" */;
			compatibilityVersion = "Xcode 13.0";
			developmentRegion = en;
			hasScannedForEncodings = 0;
			knownRegions = (
				en,
				Base,
			);
			mainGroup = 08CC6D5628C75C8300D05968;
			packageReferences = (
				0848CEB928D99CD8009A1018 /* XCRemoteSwiftPackageReference "SDWebImage" */,
			);
			productRefGroup = 08CC6D6028C75C8300D05968 /* Products */;
			projectDirPath = "";
			projectRoot = "";
			targets = (
				08CC6D5E28C75C8300D05968 /* MovieCollection */,
			);
		};
/* End PBXProject section */

/* Begin PBXResourcesBuildPhase section */
		08CC6D5D28C75C8300D05968 /* Resources */ = {
			isa = PBXResourcesBuildPhase;
			buildActionMask = 2147483647;
			files = (
				08323B8B28CB4C1300984508 /* ImageTableViewCell.xib in Resources */,
				088CD01028D0528F000DDABA /* CastCollectionViewCell.xib in Resources */,
				08CC6D6F28C75C8500D05968 /* LaunchScreen.storyboard in Resources */,
				08D95DF828D5B63A006A7280 /* PlayingTableViewCell.xib in Resources */,
				088CD00B28D05272000DDABA /* CastTableViewCell.xib in Resources */,
				08323B8628CB4B0600984508 /* DetailViewController.xib in Resources */,
				08E1643D28D83D0C0034818C /* SearchViewController.xib in Resources */,
				082EC07F28C896D10023F99A /* PopularMovieTableViewCell.xib in Resources */,
				08977A2C28CC70B600C93A48 /* TitleTableViewCell.xib in Resources */,
				088CD00728D0473F000DDABA /* ParametersTableViewCell.xib in Resources */,
				085A6DEA28CF3F1A00C97196 /* OverviewTableViewCell.xib in Resources */,
				08CC6D6C28C75C8500D05968 /* Assets.xcassets in Resources */,
				08CC5FD928C863C80053F69C /* MovieCollectionViewCell.xib in Resources */,
				08CC5FDF28C866770053F69C /* MainViewController.xib in Resources */,
			);
			runOnlyForDeploymentPostprocessing = 0;
		};
/* End PBXResourcesBuildPhase section */

/* Begin PBXShellScriptBuildPhase section */
		0848CEBC28D9CCDF009A1018 /* ShellScript */ = {
			isa = PBXShellScriptBuildPhase;
			alwaysOutOfDate = 1;
			buildActionMask = 2147483647;
			files = (
			);
			inputFileListPaths = (
			);
			inputPaths = (
			);
			outputFileListPaths = (
			);
			outputPaths = (
			);
			runOnlyForDeploymentPostprocessing = 0;
			shellPath = /bin/sh;
			shellScript = "${PODS_ROOT}/SwiftLint/swiftlint\n";
		};
		E1CFB6F4FFE24A2399088063 /* [CP] Check Pods Manifest.lock */ = {
			isa = PBXShellScriptBuildPhase;
			buildActionMask = 2147483647;
			files = (
			);
			inputFileListPaths = (
			);
			inputPaths = (
				"${PODS_PODFILE_DIR_PATH}/Podfile.lock",
				"${PODS_ROOT}/Manifest.lock",
			);
			name = "[CP] Check Pods Manifest.lock";
			outputFileListPaths = (
			);
			outputPaths = (
				"$(DERIVED_FILE_DIR)/Pods-MovieCollection-checkManifestLockResult.txt",
			);
			runOnlyForDeploymentPostprocessing = 0;
			shellPath = /bin/sh;
			shellScript = "diff \"${PODS_PODFILE_DIR_PATH}/Podfile.lock\" \"${PODS_ROOT}/Manifest.lock\" > /dev/null\nif [ $? != 0 ] ; then\n    # print error to STDERR\n    echo \"error: The sandbox is not in sync with the Podfile.lock. Run 'pod install' or update your CocoaPods installation.\" >&2\n    exit 1\nfi\n# This output is used by Xcode 'outputs' to avoid re-running this script phase.\necho \"SUCCESS\" > \"${SCRIPT_OUTPUT_FILE_0}\"\n";
			showEnvVarsInLog = 0;
		};
/* End PBXShellScriptBuildPhase section */

/* Begin PBXSourcesBuildPhase section */
		08CC6D5B28C75C8300D05968 /* Sources */ = {
			isa = PBXSourcesBuildPhase;
			buildActionMask = 2147483647;
			files = (
				0848CEB828D97CB7009A1018 /* SearchViewModel.swift in Sources */,
				085A6DE928CF3F1A00C97196 /* OverviewTableViewCell.swift in Sources */,
				08323B8A28CB4C1300984508 /* ImageTableViewCell.swift in Sources */,
				082EC07E28C896D10023F99A /* PopularMovieTableViewCell.swift in Sources */,
				082EC08A28C8B7ED0023F99A /* Observer.swift in Sources */,
				088CD00628D0473F000DDABA /* ParametersTableViewCell.swift in Sources */,
				082EC08C28C8B9F80023F99A /* PopularMovieCellViewModel.swift in Sources */,
				082EC07B28C872040023F99A /* ConstantsInset.swift in Sources */,
				08CC6D6328C75C8300D05968 /* AppDelegate.swift in Sources */,
				08323B8F28CB55B200984508 /* DetailTableCellViewModel.swift in Sources */,
				08E1643C28D83D0C0034818C /* SearchViewController.swift in Sources */,
				085A6DEC28CF429A00C97196 /* Cast.swift in Sources */,
				08CC6D8128C767E000D05968 /* Movie.swift in Sources */,
				08323B8528CB4B0600984508 /* DetailViewController.swift in Sources */,
				08CC6D7928C7677700D05968 /* NetworkService.swift in Sources */,
				088CD00F28D0528F000DDABA /* CastCollectionViewCell.swift in Sources */,
				08D95DF728D5B63A006A7280 /* PlayingTableViewCell.swift in Sources */,
				08E9835128DC1FE9001C1E2C /* DetailTableViewModel.swift in Sources */,
				08CC6D6528C75C8300D05968 /* SceneDelegate.swift in Sources */,
				08CC6D7B28C7678200D05968 /* NetworkDataFetcher.swift in Sources */,
				088CD00A28D05272000DDABA /* CastTableViewCell.swift in Sources */,
				082EC08128C89C4B0023F99A /* MainTableViewModel.swift in Sources */,
				08323B7E28C9B28600984508 /* CellViewModelType.swift in Sources */,
				08977A2B28CC70B600C93A48 /* TitleTableViewCell.swift in Sources */,
				08CC6D7D28C7679000D05968 /* DataFetcherService.swift in Sources */,
				08BA236328D1CBAA0039E214 /* CastImage.swift in Sources */,
				08E1643728D835560034818C /* Coordinator.swift in Sources */,
				082EC08828C8B6240023F99A /* NowPlayingMovieCellViewModel.swift in Sources */,
				0824100528CC969A003A3D92 /* Genre.swift in Sources */,
				08CC5FD828C863C80053F69C /* MovieCollectionViewCell.swift in Sources */,
				082EC08328C8B2890023F99A /* TableViewModelType.swift in Sources */,
				088CD01228D06799000DDABA /* CastCollectionViewModel.swift in Sources */,
				08CC5FDE28C866770053F69C /* MainViewController.swift in Sources */,
			);
			runOnlyForDeploymentPostprocessing = 0;
		};
/* End PBXSourcesBuildPhase section */

/* Begin PBXVariantGroup section */
		08CC6D6D28C75C8500D05968 /* LaunchScreen.storyboard */ = {
			isa = PBXVariantGroup;
			children = (
				08CC6D6E28C75C8500D05968 /* Base */,
			);
			name = LaunchScreen.storyboard;
			sourceTree = "<group>";
		};
/* End PBXVariantGroup section */

/* Begin XCBuildConfiguration section */
		08CC6D7128C75C8500D05968 /* Debug */ = {
			isa = XCBuildConfiguration;
			buildSettings = {
				ALWAYS_SEARCH_USER_PATHS = NO;
				CLANG_ANALYZER_NONNULL = YES;
				CLANG_ANALYZER_NUMBER_OBJECT_CONVERSION = YES_AGGRESSIVE;
				CLANG_CXX_LANGUAGE_STANDARD = "gnu++17";
				CLANG_ENABLE_MODULES = YES;
				CLANG_ENABLE_OBJC_ARC = YES;
				CLANG_ENABLE_OBJC_WEAK = YES;
				CLANG_WARN_BLOCK_CAPTURE_AUTORELEASING = YES;
				CLANG_WARN_BOOL_CONVERSION = YES;
				CLANG_WARN_COMMA = YES;
				CLANG_WARN_CONSTANT_CONVERSION = YES;
				CLANG_WARN_DEPRECATED_OBJC_IMPLEMENTATIONS = YES;
				CLANG_WARN_DIRECT_OBJC_ISA_USAGE = YES_ERROR;
				CLANG_WARN_DOCUMENTATION_COMMENTS = YES;
				CLANG_WARN_EMPTY_BODY = YES;
				CLANG_WARN_ENUM_CONVERSION = YES;
				CLANG_WARN_INFINITE_RECURSION = YES;
				CLANG_WARN_INT_CONVERSION = YES;
				CLANG_WARN_NON_LITERAL_NULL_CONVERSION = YES;
				CLANG_WARN_OBJC_IMPLICIT_RETAIN_SELF = YES;
				CLANG_WARN_OBJC_LITERAL_CONVERSION = YES;
				CLANG_WARN_OBJC_ROOT_CLASS = YES_ERROR;
				CLANG_WARN_QUOTED_INCLUDE_IN_FRAMEWORK_HEADER = YES;
				CLANG_WARN_RANGE_LOOP_ANALYSIS = YES;
				CLANG_WARN_STRICT_PROTOTYPES = YES;
				CLANG_WARN_SUSPICIOUS_MOVE = YES;
				CLANG_WARN_UNGUARDED_AVAILABILITY = YES_AGGRESSIVE;
				CLANG_WARN_UNREACHABLE_CODE = YES;
				CLANG_WARN__DUPLICATE_METHOD_MATCH = YES;
				COPY_PHASE_STRIP = NO;
				DEBUG_INFORMATION_FORMAT = dwarf;
				ENABLE_STRICT_OBJC_MSGSEND = YES;
				ENABLE_TESTABILITY = YES;
				GCC_C_LANGUAGE_STANDARD = gnu11;
				GCC_DYNAMIC_NO_PIC = NO;
				GCC_NO_COMMON_BLOCKS = YES;
				GCC_OPTIMIZATION_LEVEL = 0;
				GCC_PREPROCESSOR_DEFINITIONS = (
					"DEBUG=1",
					"$(inherited)",
				);
				GCC_WARN_64_TO_32_BIT_CONVERSION = YES;
				GCC_WARN_ABOUT_RETURN_TYPE = YES_ERROR;
				GCC_WARN_UNDECLARED_SELECTOR = YES;
				GCC_WARN_UNINITIALIZED_AUTOS = YES_AGGRESSIVE;
				GCC_WARN_UNUSED_FUNCTION = YES;
				GCC_WARN_UNUSED_VARIABLE = YES;
				IPHONEOS_DEPLOYMENT_TARGET = 15.5;
				MTL_ENABLE_DEBUG_INFO = INCLUDE_SOURCE;
				MTL_FAST_MATH = YES;
				ONLY_ACTIVE_ARCH = YES;
				SDKROOT = iphoneos;
				SWIFT_ACTIVE_COMPILATION_CONDITIONS = DEBUG;
				SWIFT_OPTIMIZATION_LEVEL = "-Onone";
			};
			name = Debug;
		};
		08CC6D7228C75C8500D05968 /* Release */ = {
			isa = XCBuildConfiguration;
			buildSettings = {
				ALWAYS_SEARCH_USER_PATHS = NO;
				CLANG_ANALYZER_NONNULL = YES;
				CLANG_ANALYZER_NUMBER_OBJECT_CONVERSION = YES_AGGRESSIVE;
				CLANG_CXX_LANGUAGE_STANDARD = "gnu++17";
				CLANG_ENABLE_MODULES = YES;
				CLANG_ENABLE_OBJC_ARC = YES;
				CLANG_ENABLE_OBJC_WEAK = YES;
				CLANG_WARN_BLOCK_CAPTURE_AUTORELEASING = YES;
				CLANG_WARN_BOOL_CONVERSION = YES;
				CLANG_WARN_COMMA = YES;
				CLANG_WARN_CONSTANT_CONVERSION = YES;
				CLANG_WARN_DEPRECATED_OBJC_IMPLEMENTATIONS = YES;
				CLANG_WARN_DIRECT_OBJC_ISA_USAGE = YES_ERROR;
				CLANG_WARN_DOCUMENTATION_COMMENTS = YES;
				CLANG_WARN_EMPTY_BODY = YES;
				CLANG_WARN_ENUM_CONVERSION = YES;
				CLANG_WARN_INFINITE_RECURSION = YES;
				CLANG_WARN_INT_CONVERSION = YES;
				CLANG_WARN_NON_LITERAL_NULL_CONVERSION = YES;
				CLANG_WARN_OBJC_IMPLICIT_RETAIN_SELF = YES;
				CLANG_WARN_OBJC_LITERAL_CONVERSION = YES;
				CLANG_WARN_OBJC_ROOT_CLASS = YES_ERROR;
				CLANG_WARN_QUOTED_INCLUDE_IN_FRAMEWORK_HEADER = YES;
				CLANG_WARN_RANGE_LOOP_ANALYSIS = YES;
				CLANG_WARN_STRICT_PROTOTYPES = YES;
				CLANG_WARN_SUSPICIOUS_MOVE = YES;
				CLANG_WARN_UNGUARDED_AVAILABILITY = YES_AGGRESSIVE;
				CLANG_WARN_UNREACHABLE_CODE = YES;
				CLANG_WARN__DUPLICATE_METHOD_MATCH = YES;
				COPY_PHASE_STRIP = NO;
				DEBUG_INFORMATION_FORMAT = "dwarf-with-dsym";
				ENABLE_NS_ASSERTIONS = NO;
				ENABLE_STRICT_OBJC_MSGSEND = YES;
				GCC_C_LANGUAGE_STANDARD = gnu11;
				GCC_NO_COMMON_BLOCKS = YES;
				GCC_WARN_64_TO_32_BIT_CONVERSION = YES;
				GCC_WARN_ABOUT_RETURN_TYPE = YES_ERROR;
				GCC_WARN_UNDECLARED_SELECTOR = YES;
				GCC_WARN_UNINITIALIZED_AUTOS = YES_AGGRESSIVE;
				GCC_WARN_UNUSED_FUNCTION = YES;
				GCC_WARN_UNUSED_VARIABLE = YES;
				IPHONEOS_DEPLOYMENT_TARGET = 15.5;
				MTL_ENABLE_DEBUG_INFO = NO;
				MTL_FAST_MATH = YES;
				SDKROOT = iphoneos;
				SWIFT_COMPILATION_MODE = wholemodule;
				SWIFT_OPTIMIZATION_LEVEL = "-O";
				VALIDATE_PRODUCT = YES;
			};
			name = Release;
		};
		08CC6D7428C75C8500D05968 /* Debug */ = {
			isa = XCBuildConfiguration;
			baseConfigurationReference = 031AFCCD6BBD709D661752CF /* Pods-MovieCollection.debug.xcconfig */;
			buildSettings = {
				ASSETCATALOG_COMPILER_APPICON_NAME = AppIcon;
				ASSETCATALOG_COMPILER_GLOBAL_ACCENT_COLOR_NAME = AccentColor;
				CODE_SIGN_STYLE = Automatic;
				CURRENT_PROJECT_VERSION = 1;
				DEVELOPMENT_TEAM = C5XCRHH65R;
				GENERATE_INFOPLIST_FILE = YES;
				INFOPLIST_FILE = MovieCollection/Application/Info.plist;
				INFOPLIST_KEY_UIApplicationSupportsIndirectInputEvents = YES;
				INFOPLIST_KEY_UILaunchStoryboardName = LaunchScreen;
				INFOPLIST_KEY_UISupportedInterfaceOrientations_iPad = "UIInterfaceOrientationPortrait UIInterfaceOrientationPortraitUpsideDown UIInterfaceOrientationLandscapeLeft UIInterfaceOrientationLandscapeRight";
				INFOPLIST_KEY_UISupportedInterfaceOrientations_iPhone = "UIInterfaceOrientationPortrait UIInterfaceOrientationLandscapeLeft UIInterfaceOrientationLandscapeRight";
				LD_RUNPATH_SEARCH_PATHS = (
					"$(inherited)",
					"@executable_path/Frameworks",
				);
				MARKETING_VERSION = 1.0;
				PRODUCT_BUNDLE_IDENTIFIER = com.anita.MovieCollection;
				PRODUCT_NAME = "$(TARGET_NAME)";
				SWIFT_EMIT_LOC_STRINGS = YES;
				SWIFT_VERSION = 5.0;
				TARGETED_DEVICE_FAMILY = "1,2";
			};
			name = Debug;
		};
		08CC6D7528C75C8500D05968 /* Release */ = {
			isa = XCBuildConfiguration;
			baseConfigurationReference = 10E39DC44FE3E0112DDCAFFE /* Pods-MovieCollection.release.xcconfig */;
			buildSettings = {
				ASSETCATALOG_COMPILER_APPICON_NAME = AppIcon;
				ASSETCATALOG_COMPILER_GLOBAL_ACCENT_COLOR_NAME = AccentColor;
				CODE_SIGN_STYLE = Automatic;
				CURRENT_PROJECT_VERSION = 1;
				DEVELOPMENT_TEAM = C5XCRHH65R;
				GENERATE_INFOPLIST_FILE = YES;
				INFOPLIST_FILE = MovieCollection/Application/Info.plist;
				INFOPLIST_KEY_UIApplicationSupportsIndirectInputEvents = YES;
				INFOPLIST_KEY_UILaunchStoryboardName = LaunchScreen;
				INFOPLIST_KEY_UISupportedInterfaceOrientations_iPad = "UIInterfaceOrientationPortrait UIInterfaceOrientationPortraitUpsideDown UIInterfaceOrientationLandscapeLeft UIInterfaceOrientationLandscapeRight";
				INFOPLIST_KEY_UISupportedInterfaceOrientations_iPhone = "UIInterfaceOrientationPortrait UIInterfaceOrientationLandscapeLeft UIInterfaceOrientationLandscapeRight";
				LD_RUNPATH_SEARCH_PATHS = (
					"$(inherited)",
					"@executable_path/Frameworks",
				);
				MARKETING_VERSION = 1.0;
				PRODUCT_BUNDLE_IDENTIFIER = com.anita.MovieCollection;
				PRODUCT_NAME = "$(TARGET_NAME)";
				SWIFT_EMIT_LOC_STRINGS = YES;
				SWIFT_VERSION = 5.0;
				TARGETED_DEVICE_FAMILY = "1,2";
			};
			name = Release;
		};
/* End XCBuildConfiguration section */

/* Begin XCConfigurationList section */
		08CC6D5A28C75C8300D05968 /* Build configuration list for PBXProject "MovieCollection" */ = {
			isa = XCConfigurationList;
			buildConfigurations = (
				08CC6D7128C75C8500D05968 /* Debug */,
				08CC6D7228C75C8500D05968 /* Release */,
			);
			defaultConfigurationIsVisible = 0;
			defaultConfigurationName = Release;
		};
		08CC6D7328C75C8500D05968 /* Build configuration list for PBXNativeTarget "MovieCollection" */ = {
			isa = XCConfigurationList;
			buildConfigurations = (
				08CC6D7428C75C8500D05968 /* Debug */,
				08CC6D7528C75C8500D05968 /* Release */,
			);
			defaultConfigurationIsVisible = 0;
			defaultConfigurationName = Release;
		};
/* End XCConfigurationList section */

/* Begin XCRemoteSwiftPackageReference section */
		0848CEB928D99CD8009A1018 /* XCRemoteSwiftPackageReference "SDWebImage" */ = {
			isa = XCRemoteSwiftPackageReference;
			repositoryURL = "https://github.com/SDWebImage/SDWebImage";
			requirement = {
				branch = master;
				kind = branch;
			};
		};
/* End XCRemoteSwiftPackageReference section */

/* Begin XCSwiftPackageProductDependency section */
		0848CEBA28D99CD8009A1018 /* SDWebImage */ = {
			isa = XCSwiftPackageProductDependency;
			package = 0848CEB928D99CD8009A1018 /* XCRemoteSwiftPackageReference "SDWebImage" */;
			productName = SDWebImage;
		};
/* End XCSwiftPackageProductDependency section */
	};
	rootObject = 08CC6D5728C75C8300D05968 /* Project object */;
}
